
Microsoft Visual Studio Solution File, Format Version 12.00
# Visual Studio Version 17
VisualStudioVersion = 17.14.36327.8
MinimumVisualStudioVersion = 10.0.40219.1
Project("{FAE04EC0-301F-11D3-BF4B-00C04F79EFBC}") = "Shabasher.API", "Shabasher.API\Shabasher.API.csproj", "{90D84D55-F018-4285-9330-9F7C520273AF}"
EndProject
Project("{FAE04EC0-301F-11D3-BF4B-00C04F79EFBC}") = "Shabasher.Core", "Shabasher.Core\Shabasher.Core.csproj", "{90DE735C-C9A4-6011-B108-4C17D3ABD974}"
EndProject
Project("{FAE04EC0-301F-11D3-BF4B-00C04F79EFBC}") = "Shabasher.DataManage", "Shabasher.DataManage\Shabasher.DataManage.csproj", "{52AC15E6-F841-4181-AD61-B32FE07FDBD1}"
EndProject
Project("{FAE04EC0-301F-11D3-BF4B-00C04F79EFBC}") = "Shabasher.BusinessLogic", "Shabasher.BusinessLogic\Shabasher.BusinessLogic.csproj", "{818917F1-E601-403B-83F3-139471FD03A0}"
EndProject
Global
	GlobalSection(SolutionConfigurationPlatforms) = preSolution
		Debug|Any CPU = Debug|Any CPU
		Release|Any CPU = Release|Any CPU
	EndGlobalSection
	GlobalSection(ProjectConfigurationPlatforms) = postSolution
		{90D84D55-F018-4285-9330-9F7C520273AF}.Debug|Any CPU.ActiveCfg = Debug|Any CPU
		{90D84D55-F018-4285-9330-9F7C520273AF}.Debug|Any CPU.Build.0 = Debug|Any CPU
		{90D84D55-F018-4285-9330-9F7C520273AF}.Release|Any CPU.ActiveCfg = Release|Any CPU
		{90D84D55-F018-4285-9330-9F7C520273AF}.Release|Any CPU.Build.0 = Release|Any CPU
		{90DE735C-C9A4-6011-B108-4C17D3ABD974}.Debug|Any CPU.ActiveCfg = Debug|Any CPU
		{90DE735C-C9A4-6011-B108-4C17D3ABD974}.Debug|Any CPU.Build.0 = Debug|Any CPU
		{90DE735C-C9A4-6011-B108-4C17D3ABD974}.Release|Any CPU.ActiveCfg = Release|Any CPU
		{90DE735C-C9A4-6011-B108-4C17D3ABD974}.Release|Any CPU.Build.0 = Release|Any CPU
		{52AC15E6-F841-4181-AD61-B32FE07FDBD1}.Debug|Any CPU.ActiveCfg = Debug|Any CPU
		{52AC15E6-F841-4181-AD61-B32FE07FDBD1}.Debug|Any CPU.Build.0 = Debug|Any CPU
		{52AC15E6-F841-4181-AD61-B32FE07FDBD1}.Release|Any CPU.ActiveCfg = Release|Any CPU
		{52AC15E6-F841-4181-AD61-B32FE07FDBD1}.Release|Any CPU.Build.0 = Release|Any CPU
		{818917F1-E601-403B-83F3-139471FD03A0}.Debug|Any CPU.ActiveCfg = Debug|Any CPU
		{818917F1-E601-403B-83F3-139471FD03A0}.Debug|Any CPU.Build.0 = Debug|Any CPU
		{818917F1-E601-403B-83F3-139471FD03A0}.Release|Any CPU.ActiveCfg = Release|Any CPU
		{818917F1-E601-403B-83F3-139471FD03A0}.Release|Any CPU.Build.0 = Release|Any CPU
	EndGlobalSection
	GlobalSection(SolutionProperties) = preSolution
		HideSolutionNode = FALSE
	EndGlobalSection
	GlobalSection(ExtensibilityGlobals) = postSolution
		SolutionGuid = {2B28DBB5-DE54-4933-BDF7-1F3D469E5490}
	EndGlobalSection
EndGlobal
